
Microsoft Visual Studio Solution File, Format Version 12.00
Project("{FAE04EC0-301F-11D3-BF4B-00C04F79EFBC}") = "CommandLine2048", "CommandLine2048\CommandLine2048.csproj", "{92DC994E-6820-4FF8-9E48-05129C7F5235}"
EndProject
Project("{FAE04EC0-301F-11D3-BF4B-00C04F79EFBC}") = "CommandLine2048Tests", "CommandLine2048Tests\CommandLine2048Tests.csproj", "{C6D33EDF-B5B7-47F5-816B-37DE3698F96A}"
EndProject
Global
	GlobalSection(SolutionConfigurationPlatforms) = preSolution
		Debug|Any CPU = Debug|Any CPU
		Release|Any CPU = Release|Any CPU
	EndGlobalSection
	GlobalSection(ProjectConfigurationPlatforms) = postSolution
		{92DC994E-6820-4FF8-9E48-05129C7F5235}.Debug|Any CPU.ActiveCfg = Debug|Any CPU
		{92DC994E-6820-4FF8-9E48-05129C7F5235}.Debug|Any CPU.Build.0 = Debug|Any CPU
		{92DC994E-6820-4FF8-9E48-05129C7F5235}.Release|Any CPU.ActiveCfg = Release|Any CPU
		{92DC994E-6820-4FF8-9E48-05129C7F5235}.Release|Any CPU.Build.0 = Release|Any CPU
		{C6D33EDF-B5B7-47F5-816B-37DE3698F96A}.Debug|Any CPU.ActiveCfg = Debug|Any CPU
		{C6D33EDF-B5B7-47F5-816B-37DE3698F96A}.Debug|Any CPU.Build.0 = Debug|Any CPU
		{C6D33EDF-B5B7-47F5-816B-37DE3698F96A}.Release|Any CPU.ActiveCfg = Release|Any CPU
		{C6D33EDF-B5B7-47F5-816B-37DE3698F96A}.Release|Any CPU.Build.0 = Release|Any CPU
	EndGlobalSection
EndGlobal
